
Microsoft Visual Studio Solution File, Format Version 12.00
# Visual Studio Version 17
VisualStudioVersion = 17.11.35312.102
MinimumVisualStudioVersion = 10.0.40219.1
Project("{FAE04EC0-301F-11D3-BF4B-00C04F79EFBC}") = "BaiThi", "BaiThi\BaiThi.csproj", "{A027B4AF-1261-4317-8B49-3CC258501745}"
EndProject
Global
	GlobalSection(SolutionConfigurationPlatforms) = preSolution
		Debug|Any CPU = Debug|Any CPU
		Release|Any CPU = Release|Any CPU
	EndGlobalSection
	GlobalSection(ProjectConfigurationPlatforms) = postSolution
		{A027B4AF-1261-4317-8B49-3CC258501745}.Debug|Any CPU.ActiveCfg = Debug|Any CPU
		{A027B4AF-1261-4317-8B49-3CC258501745}.Debug|Any CPU.Build.0 = Debug|Any CPU
		{A027B4AF-1261-4317-8B49-3CC258501745}.Release|Any CPU.ActiveCfg = Release|Any CPU
		{A027B4AF-1261-4317-8B49-3CC258501745}.Release|Any CPU.Build.0 = Release|Any CPU
	EndGlobalSection
	GlobalSection(SolutionProperties) = preSolution
		HideSolutionNode = FALSE
	EndGlobalSection
	GlobalSection(ExtensibilityGlobals) = postSolution
		SolutionGuid = {918BC2B6-6E7D-4A0E-A7C4-955D764E464A}
	EndGlobalSection
EndGlobal
